// !$*UTF8*$!
{
	archiveVersion = 1;
	classes = {
	};
	objectVersion = 56;
	objects = {

/* Begin PBXBuildFile section */
		C07F9B5D2A5AC4AD00CF7E8C /* main.cpp in Sources */ = {isa = PBXBuildFile; fileRef = C07F9B5C2A5AC4AD00CF7E8C /* main.cpp */; };
		C07F9B702A5AC55300CF7E8C /* main.cpp in Sources */ = {isa = PBXBuildFile; fileRef = C07F9B6A2A5AC53300CF7E8C /* main.cpp */; };
/* End PBXBuildFile section */

/* Begin PBXCopyFilesBuildPhase section */
		C07F9B572A5AC4AD00CF7E8C /* CopyFiles */ = {
			isa = PBXCopyFilesBuildPhase;
			buildActionMask = 2147483647;
			dstPath = /usr/share/man/man1/;
			dstSubfolderSpec = 0;
			files = (
			);
			runOnlyForDeploymentPostprocessing = 1;
		};
		C07F9B662A5AC53300CF7E8C /* CopyFiles */ = {
			isa = PBXCopyFilesBuildPhase;
			buildActionMask = 2147483647;
			dstPath = /usr/share/man/man1/;
			dstSubfolderSpec = 0;
			files = (
			);
			runOnlyForDeploymentPostprocessing = 1;
		};
/* End PBXCopyFilesBuildPhase section */

/* Begin PBXFileReference section */
		C07F9B592A5AC4AD00CF7E8C /* Assigment2 */ = {isa = PBXFileReference; explicitFileType = "compiled.mach-o.executable"; includeInIndex = 0; path = Assigment2; sourceTree = BUILT_PRODUCTS_DIR; };
		C07F9B5C2A5AC4AD00CF7E8C /* main.cpp */ = {isa = PBXFileReference; lastKnownFileType = sourcecode.cpp.cpp; path = main.cpp; sourceTree = "<group>"; };
		C07F9B682A5AC53300CF7E8C /* Q2 */ = {isa = PBXFileReference; explicitFileType = "compiled.mach-o.executable"; includeInIndex = 0; path = Q2; sourceTree = BUILT_PRODUCTS_DIR; };
		C07F9B6A2A5AC53300CF7E8C /* main.cpp */ = {isa = PBXFileReference; lastKnownFileType = sourcecode.cpp.cpp; path = main.cpp; sourceTree = "<group>"; };
/* End PBXFileReference section */

/* Begin PBXFrameworksBuildPhase section */
		C07F9B562A5AC4AD00CF7E8C /* Frameworks */ = {
			isa = PBXFrameworksBuildPhase;
			buildActionMask = 2147483647;
			files = (
			);
			runOnlyForDeploymentPostprocessing = 0;
		};
		C07F9B652A5AC53300CF7E8C /* Frameworks */ = {
			isa = PBXFrameworksBuildPhase;
			buildActionMask = 2147483647;
			files = (
			);
			runOnlyForDeploymentPostprocessing = 0;
		};
/* End PBXFrameworksBuildPhase section */

/* Begin PBXGroup section */
		C07F9B502A5AC4AD00CF7E8C = {
			isa = PBXGroup;
			children = (
				C07F9B5B2A5AC4AD00CF7E8C /* Q1 */,
				C07F9B692A5AC53300CF7E8C /* Q2 */,
				C07F9B5A2A5AC4AD00CF7E8C /* Products */,
			);
			sourceTree = "<group>";
		};
		C07F9B5A2A5AC4AD00CF7E8C /* Products */ = {
			isa = PBXGroup;
			children = (
				C07F9B592A5AC4AD00CF7E8C /* Assigment2 */,
				C07F9B682A5AC53300CF7E8C /* Q2 */,
			);
			name = Products;
			sourceTree = "<group>";
		};
		C07F9B5B2A5AC4AD00CF7E8C /* Q1 */ = {
			isa = PBXGroup;
			children = (
				C07F9B5C2A5AC4AD00CF7E8C /* main.cpp */,
			);
			path = Q1;
			sourceTree = "<group>";
		};
		C07F9B692A5AC53300CF7E8C /* Q2 */ = {
			isa = PBXGroup;
			children = (
				C07F9B6A2A5AC53300CF7E8C /* main.cpp */,
			);
			path = Q2;
			sourceTree = "<group>";
		};
/* End PBXGroup section */

/* Begin PBXNativeTarget section */
		C07F9B582A5AC4AD00CF7E8C /* Assigment2 */ = {
			isa = PBXNativeTarget;
			buildConfigurationList = C07F9B602A5AC4AD00CF7E8C /* Build configuration list for PBXNativeTarget "Assigment2" */;
			buildPhases = (
				C07F9B552A5AC4AD00CF7E8C /* Sources */,
				C07F9B562A5AC4AD00CF7E8C /* Frameworks */,
				C07F9B572A5AC4AD00CF7E8C /* CopyFiles */,
			);
			buildRules = (
			);
			dependencies = (
			);
			name = Assigment2;
			productName = Assigment2;
			productReference = C07F9B592A5AC4AD00CF7E8C /* Assigment2 */;
			productType = "com.apple.product-type.tool";
		};
		C07F9B672A5AC53300CF7E8C /* Q2 */ = {
			isa = PBXNativeTarget;
			buildConfigurationList = C07F9B6C2A5AC53300CF7E8C /* Build configuration list for PBXNativeTarget "Q2" */;
			buildPhases = (
				C07F9B642A5AC53300CF7E8C /* Sources */,
				C07F9B652A5AC53300CF7E8C /* Frameworks */,
				C07F9B662A5AC53300CF7E8C /* CopyFiles */,
			);
			buildRules = (
			);
			dependencies = (
			);
			name = Q2;
			productName = Q2;
			productReference = C07F9B682A5AC53300CF7E8C /* Q2 */;
			productType = "com.apple.product-type.tool";
		};
/* End PBXNativeTarget section */

/* Begin PBXProject section */
		C07F9B512A5AC4AD00CF7E8C /* Project object */ = {
			isa = PBXProject;
			attributes = {
				BuildIndependentTargetsInParallel = 1;
				LastUpgradeCheck = 1410;
				TargetAttributes = {
					C07F9B582A5AC4AD00CF7E8C = {
						CreatedOnToolsVersion = 14.1;
					};
					C07F9B672A5AC53300CF7E8C = {
						CreatedOnToolsVersion = 14.1;
					};
				};
			};
			buildConfigurationList = C07F9B542A5AC4AD00CF7E8C /* Build configuration list for PBXProject "Assigment2" */;
			compatibilityVersion = "Xcode 14.0";
			developmentRegion = en;
			hasScannedForEncodings = 0;
			knownRegions = (
				en,
				Base,
			);
			mainGroup = C07F9B502A5AC4AD00CF7E8C;
			productRefGroup = C07F9B5A2A5AC4AD00CF7E8C /* Products */;
			projectDirPath = "";
			projectRoot = "";
			targets = (
				C07F9B582A5AC4AD00CF7E8C /* Assigment2 */,
				C07F9B672A5AC53300CF7E8C /* Q2 */,
			);
		};
/* End PBXProject section */

/* Begin PBXSourcesBuildPhase section */
		C07F9B552A5AC4AD00CF7E8C /* Sources */ = {
			isa = PBXSourcesBuildPhase;
			buildActionMask = 2147483647;
			files = (
				C07F9B5D2A5AC4AD00CF7E8C /* main.cpp in Sources */,
			);
			runOnlyForDeploymentPostprocessing = 0;
		};
		C07F9B642A5AC53300CF7E8C /* Sources */ = {
			isa = PBXSourcesBuildPhase;
			buildActionMask = 2147483647;
			files = (
				C07F9B702A5AC55300CF7E8C /* main.cpp in Sources */,
			);
			runOnlyForDeploymentPostprocessing = 0;
		};
/* End PBXSourcesBuildPhase section */

/* Begin XCBuildConfiguration section */
		C07F9B5E2A5AC4AD00CF7E8C /* Debug */ = {
			isa = XCBuildConfiguration;
			buildSettings = {
				ALWAYS_SEARCH_USER_PATHS = NO;
				CLANG_ANALYZER_NONNULL = YES;
				CLANG_ANALYZER_NUMBER_OBJECT_CONVERSION = YES_AGGRESSIVE;
				CLANG_CXX_LANGUAGE_STANDARD = "gnu++20";
				CLANG_ENABLE_MODULES = YES;
				CLANG_ENABLE_OBJC_ARC = YES;
				CLANG_ENABLE_OBJC_WEAK = YES;
				CLANG_WARN_BLOCK_CAPTURE_AUTORELEASING = YES;
				CLANG_WARN_BOOL_CONVERSION = YES;
				CLANG_WARN_COMMA = YES;
				CLANG_WARN_CONSTANT_CONVERSION = YES;
				CLANG_WARN_DEPRECATED_OBJC_IMPLEMENTATIONS = YES;
				CLANG_WARN_DIRECT_OBJC_ISA_USAGE = YES_ERROR;
				CLANG_WARN_DOCUMENTATION_COMMENTS = YES;
				CLANG_WARN_EMPTY_BODY = YES;
				CLANG_WARN_ENUM_CONVERSION = YES;
				CLANG_WARN_INFINITE_RECURSION = YES;
				CLANG_WARN_INT_CONVERSION = YES;
				CLANG_WARN_NON_LITERAL_NULL_CONVERSION = YES;
				CLANG_WARN_OBJC_IMPLICIT_RETAIN_SELF = YES;
				CLANG_WARN_OBJC_LITERAL_CONVERSION = YES;
				CLANG_WARN_OBJC_ROOT_CLASS = YES_ERROR;
				CLANG_WARN_QUOTED_INCLUDE_IN_FRAMEWORK_HEADER = YES;
				CLANG_WARN_RANGE_LOOP_ANALYSIS = YES;
				CLANG_WARN_STRICT_PROTOTYPES = YES;
				CLANG_WARN_SUSPICIOUS_MOVE = YES;
				CLANG_WARN_UNGUARDED_AVAILABILITY = YES_AGGRESSIVE;
				CLANG_WARN_UNREACHABLE_CODE = YES;
				CLANG_WARN__DUPLICATE_METHOD_MATCH = YES;
				COPY_PHASE_STRIP = NO;
				DEBUG_INFORMATION_FORMAT = dwarf;
				ENABLE_STRICT_OBJC_MSGSEND = YES;
				ENABLE_TESTABILITY = YES;
				GCC_C_LANGUAGE_STANDARD = gnu11;
				GCC_DYNAMIC_NO_PIC = NO;
				GCC_NO_COMMON_BLOCKS = YES;
				GCC_OPTIMIZATION_LEVEL = 0;
				GCC_PREPROCESSOR_DEFINITIONS = (
					"DEBUG=1",
					"$(inherited)",
				);
				GCC_WARN_64_TO_32_BIT_CONVERSION = YES;
				GCC_WARN_ABOUT_RETURN_TYPE = YES_ERROR;
				GCC_WARN_UNDECLARED_SELECTOR = YES;
				GCC_WARN_UNINITIALIZED_AUTOS = YES_AGGRESSIVE;
				GCC_WARN_UNUSED_FUNCTION = YES;
				GCC_WARN_UNUSED_VARIABLE = YES;
				MACOSX_DEPLOYMENT_TARGET = 13.0;
				MTL_ENABLE_DEBUG_INFO = INCLUDE_SOURCE;
				MTL_FAST_MATH = YES;
				ONLY_ACTIVE_ARCH = YES;
				SDKROOT = macosx;
			};
			name = Debug;
		};
		C07F9B5F2A5AC4AD00CF7E8C /* Release */ = {
			isa = XCBuildConfiguration;
			buildSettings = {
				ALWAYS_SEARCH_USER_PATHS = NO;
				CLANG_ANALYZER_NONNULL = YES;
				CLANG_ANALYZER_NUMBER_OBJECT_CONVERSION = YES_AGGRESSIVE;
				CLANG_CXX_LANGUAGE_STANDARD = "gnu++20";
				CLANG_ENABLE_MODULES = YES;
				CLANG_ENABLE_OBJC_ARC = YES;
				CLANG_ENABLE_OBJC_WEAK = YES;
				CLANG_WARN_BLOCK_CAPTURE_AUTORELEASING = YES;
				CLANG_WARN_BOOL_CONVERSION = YES;
				CLANG_WARN_COMMA = YES;
				CLANG_WARN_CONSTANT_CONVERSION = YES;
				CLANG_WARN_DEPRECATED_OBJC_IMPLEMENTATIONS = YES;
				CLANG_WARN_DIRECT_OBJC_ISA_USAGE = YES_ERROR;
				CLANG_WARN_DOCUMENTATION_COMMENTS = YES;
				CLANG_WARN_EMPTY_BODY = YES;
				CLANG_WARN_ENUM_CONVERSION = YES;
				CLANG_WARN_INFINITE_RECURSION = YES;
				CLANG_WARN_INT_CONVERSION = YES;
				CLANG_WARN_NON_LITERAL_NULL_CONVERSION = YES;
				CLANG_WARN_OBJC_IMPLICIT_RETAIN_SELF = YES;
				CLANG_WARN_OBJC_LITERAL_CONVERSION = YES;
				CLANG_WARN_OBJC_ROOT_CLASS = YES_ERROR;
				CLANG_WARN_QUOTED_INCLUDE_IN_FRAMEWORK_HEADER = YES;
				CLANG_WARN_RANGE_LOOP_ANALYSIS = YES;
				CLANG_WARN_STRICT_PROTOTYPES = YES;
				CLANG_WARN_SUSPICIOUS_MOVE = YES;
				CLANG_WARN_UNGUARDED_AVAILABILITY = YES_AGGRESSIVE;
				CLANG_WARN_UNREACHABLE_CODE = YES;
				CLANG_WARN__DUPLICATE_METHOD_MATCH = YES;
				COPY_PHASE_STRIP = NO;
				DEBUG_INFORMATION_FORMAT = "dwarf-with-dsym";
				ENABLE_NS_ASSERTIONS = NO;
				ENABLE_STRICT_OBJC_MSGSEND = YES;
				GCC_C_LANGUAGE_STANDARD = gnu11;
				GCC_NO_COMMON_BLOCKS = YES;
				GCC_WARN_64_TO_32_BIT_CONVERSION = YES;
				GCC_WARN_ABOUT_RETURN_TYPE = YES_ERROR;
				GCC_WARN_UNDECLARED_SELECTOR = YES;
				GCC_WARN_UNINITIALIZED_AUTOS = YES_AGGRESSIVE;
				GCC_WARN_UNUSED_FUNCTION = YES;
				GCC_WARN_UNUSED_VARIABLE = YES;
				MACOSX_DEPLOYMENT_TARGET = 13.0;
				MTL_ENABLE_DEBUG_INFO = NO;
				MTL_FAST_MATH = YES;
				SDKROOT = macosx;
			};
			name = Release;
		};
		C07F9B612A5AC4AD00CF7E8C /* Debug */ = {
			isa = XCBuildConfiguration;
			buildSettings = {
				CODE_SIGN_STYLE = Automatic;
				PRODUCT_NAME = "$(TARGET_NAME)";
			};
			name = Debug;
		};
		C07F9B622A5AC4AD00CF7E8C /* Release */ = {
			isa = XCBuildConfiguration;
			buildSettings = {
				CODE_SIGN_STYLE = Automatic;
				PRODUCT_NAME = "$(TARGET_NAME)";
			};
			name = Release;
		};
		C07F9B6D2A5AC53300CF7E8C /* Debug */ = {
			isa = XCBuildConfiguration;
			buildSettings = {
				CODE_SIGN_STYLE = Automatic;
				PRODUCT_NAME = "$(TARGET_NAME)";
			};
			name = Debug;
		};
		C07F9B6E2A5AC53300CF7E8C /* Release */ = {
			isa = XCBuildConfiguration;
			buildSettings = {
				CODE_SIGN_STYLE = Automatic;
				PRODUCT_NAME = "$(TARGET_NAME)";
			};
			name = Release;
		};
/* End XCBuildConfiguration section */

/* Begin XCConfigurationList section */
		C07F9B542A5AC4AD00CF7E8C /* Build configuration list for PBXProject "Assigment2" */ = {
			isa = XCConfigurationList;
			buildConfigurations = (
				C07F9B5E2A5AC4AD00CF7E8C /* Debug */,
				C07F9B5F2A5AC4AD00CF7E8C /* Release */,
			);
			defaultConfigurationIsVisible = 0;
			defaultConfigurationName = Release;
		};
		C07F9B602A5AC4AD00CF7E8C /* Build configuration list for PBXNativeTarget "Assigment2" */ = {
			isa = XCConfigurationList;
			buildConfigurations = (
				C07F9B612A5AC4AD00CF7E8C /* Debug */,
				C07F9B622A5AC4AD00CF7E8C /* Release */,
			);
			defaultConfigurationIsVisible = 0;
			defaultConfigurationName = Release;
		};
		C07F9B6C2A5AC53300CF7E8C /* Build configuration list for PBXNativeTarget "Q2" */ = {
			isa = XCConfigurationList;
			buildConfigurations = (
				C07F9B6D2A5AC53300CF7E8C /* Debug */,
				C07F9B6E2A5AC53300CF7E8C /* Release */,
			);
			defaultConfigurationIsVisible = 0;
			defaultConfigurationName = Release;
		};
/* End XCConfigurationList section */
	};
	rootObject = C07F9B512A5AC4AD00CF7E8C /* Project object */;
}
